
Microsoft Visual Studio Solution File, Format Version 12.00
# Visual Studio Version 16
VisualStudioVersion = 25.0.1704.0
MinimumVisualStudioVersion = 10.0.40219.1
Project("{FAE04EC0-301F-11D3-BF4B-00C04F79EFBC}") = "ApiUsers", "ApiUsers\ApiUsers.csproj", "{AF1BFF9B-74C7-4168-B693-6499F6586AF9}"
EndProject
Project("{E53339B2-1760-4266-BCC7-CA923CBCF16C}") = "docker-compose", "docker-compose.dcproj", "{08B77BE9-5734-428E-9137-833A96AB6536}"
EndProject
Global
	GlobalSection(SolutionConfigurationPlatforms) = preSolution
		Debug|Any CPU = Debug|Any CPU
		Release|Any CPU = Release|Any CPU
	EndGlobalSection
	GlobalSection(ProjectConfigurationPlatforms) = postSolution
		{AF1BFF9B-74C7-4168-B693-6499F6586AF9}.Debug|Any CPU.ActiveCfg = Debug|Any CPU
		{AF1BFF9B-74C7-4168-B693-6499F6586AF9}.Debug|Any CPU.Build.0 = Debug|Any CPU
		{AF1BFF9B-74C7-4168-B693-6499F6586AF9}.Release|Any CPU.ActiveCfg = Release|Any CPU
		{AF1BFF9B-74C7-4168-B693-6499F6586AF9}.Release|Any CPU.Build.0 = Release|Any CPU
		{08B77BE9-5734-428E-9137-833A96AB6536}.Debug|Any CPU.ActiveCfg = Debug|Any CPU
		{08B77BE9-5734-428E-9137-833A96AB6536}.Debug|Any CPU.Build.0 = Debug|Any CPU
		{08B77BE9-5734-428E-9137-833A96AB6536}.Release|Any CPU.ActiveCfg = Release|Any CPU
		{08B77BE9-5734-428E-9137-833A96AB6536}.Release|Any CPU.Build.0 = Release|Any CPU
	EndGlobalSection
	GlobalSection(SolutionProperties) = preSolution
		HideSolutionNode = FALSE
	EndGlobalSection
	GlobalSection(ExtensibilityGlobals) = postSolution
		SolutionGuid = {9B62190C-7BED-418E-9279-DB2FE1671551}
	EndGlobalSection
EndGlobal
